
Microsoft Visual Studio Solution File, Format Version 12.00
# Visual Studio Version 17
VisualStudioVersion = 17.1.32210.238
MinimumVisualStudioVersion = 10.0.40219.1
Project("{9A19103F-16F7-4668-BE54-9A1E7A4F7556}") = "SdarotAPI", "SdarotAPI\SdarotAPI.csproj", "{D95FB81A-7AF4-446F-91C2-F42B5C84AF28}"
EndProject
Project("{9A19103F-16F7-4668-BE54-9A1E7A4F7556}") = "SdarotAPITest", "SdarotAPITest\SdarotAPITest.csproj", "{F5E7F813-0F8E-4A82-A262-939F2A536AA1}"
EndProject
Project("{9A19103F-16F7-4668-BE54-9A1E7A4F7556}") = "HoradotTV", "HoradotTV\HoradotTV.csproj", "{F56EF4A4-FCAD-4B59-AF13-1A564839EDD3}"
EndProject
Project("{9A19103F-16F7-4668-BE54-9A1E7A4F7556}") = "HoradotTV.Console", "HoradotTV.Console\HoradotTV.Console.csproj", "{ADA53817-BD56-46E0-B81E-570D929FC848}"
EndProject
Global
	GlobalSection(SolutionConfigurationPlatforms) = preSolution
		Debug|Any CPU = Debug|Any CPU
		Debug|arm64 = Debug|arm64
		Debug|x64 = Debug|x64
		Debug|x86 = Debug|x86
		Release|Any CPU = Release|Any CPU
		Release|arm64 = Release|arm64
		Release|x64 = Release|x64
		Release|x86 = Release|x86
	EndGlobalSection
	GlobalSection(ProjectConfigurationPlatforms) = postSolution
		{D95FB81A-7AF4-446F-91C2-F42B5C84AF28}.Debug|Any CPU.ActiveCfg = Debug|Any CPU
		{D95FB81A-7AF4-446F-91C2-F42B5C84AF28}.Debug|Any CPU.Build.0 = Debug|Any CPU
		{D95FB81A-7AF4-446F-91C2-F42B5C84AF28}.Debug|arm64.ActiveCfg = Debug|Any CPU
		{D95FB81A-7AF4-446F-91C2-F42B5C84AF28}.Debug|arm64.Build.0 = Debug|Any CPU
		{D95FB81A-7AF4-446F-91C2-F42B5C84AF28}.Debug|x64.ActiveCfg = Debug|Any CPU
		{D95FB81A-7AF4-446F-91C2-F42B5C84AF28}.Debug|x64.Build.0 = Debug|Any CPU
		{D95FB81A-7AF4-446F-91C2-F42B5C84AF28}.Debug|x86.ActiveCfg = Debug|Any CPU
		{D95FB81A-7AF4-446F-91C2-F42B5C84AF28}.Debug|x86.Build.0 = Debug|Any CPU
		{D95FB81A-7AF4-446F-91C2-F42B5C84AF28}.Release|Any CPU.ActiveCfg = Release|Any CPU
		{D95FB81A-7AF4-446F-91C2-F42B5C84AF28}.Release|Any CPU.Build.0 = Release|Any CPU
		{D95FB81A-7AF4-446F-91C2-F42B5C84AF28}.Release|arm64.ActiveCfg = Release|Any CPU
		{D95FB81A-7AF4-446F-91C2-F42B5C84AF28}.Release|arm64.Build.0 = Release|Any CPU
		{D95FB81A-7AF4-446F-91C2-F42B5C84AF28}.Release|x64.ActiveCfg = Release|Any CPU
		{D95FB81A-7AF4-446F-91C2-F42B5C84AF28}.Release|x64.Build.0 = Release|Any CPU
		{D95FB81A-7AF4-446F-91C2-F42B5C84AF28}.Release|x86.ActiveCfg = Release|Any CPU
		{D95FB81A-7AF4-446F-91C2-F42B5C84AF28}.Release|x86.Build.0 = Release|Any CPU
		{F5E7F813-0F8E-4A82-A262-939F2A536AA1}.Debug|Any CPU.ActiveCfg = Debug|Any CPU
		{F5E7F813-0F8E-4A82-A262-939F2A536AA1}.Debug|Any CPU.Build.0 = Debug|Any CPU
		{F5E7F813-0F8E-4A82-A262-939F2A536AA1}.Debug|arm64.ActiveCfg = Debug|Any CPU
		{F5E7F813-0F8E-4A82-A262-939F2A536AA1}.Debug|arm64.Build.0 = Debug|Any CPU
		{F5E7F813-0F8E-4A82-A262-939F2A536AA1}.Debug|x64.ActiveCfg = Debug|Any CPU
		{F5E7F813-0F8E-4A82-A262-939F2A536AA1}.Debug|x64.Build.0 = Debug|Any CPU
		{F5E7F813-0F8E-4A82-A262-939F2A536AA1}.Debug|x86.ActiveCfg = Debug|Any CPU
		{F5E7F813-0F8E-4A82-A262-939F2A536AA1}.Debug|x86.Build.0 = Debug|Any CPU
		{F5E7F813-0F8E-4A82-A262-939F2A536AA1}.Release|Any CPU.ActiveCfg = Release|Any CPU
		{F5E7F813-0F8E-4A82-A262-939F2A536AA1}.Release|Any CPU.Build.0 = Release|Any CPU
		{F5E7F813-0F8E-4A82-A262-939F2A536AA1}.Release|arm64.ActiveCfg = Release|Any CPU
		{F5E7F813-0F8E-4A82-A262-939F2A536AA1}.Release|arm64.Build.0 = Release|Any CPU
		{F5E7F813-0F8E-4A82-A262-939F2A536AA1}.Release|x64.ActiveCfg = Release|Any CPU
		{F5E7F813-0F8E-4A82-A262-939F2A536AA1}.Release|x64.Build.0 = Release|Any CPU
		{F5E7F813-0F8E-4A82-A262-939F2A536AA1}.Release|x86.ActiveCfg = Release|Any CPU
		{F5E7F813-0F8E-4A82-A262-939F2A536AA1}.Release|x86.Build.0 = Release|Any CPU
		{F56EF4A4-FCAD-4B59-AF13-1A564839EDD3}.Debug|Any CPU.ActiveCfg = Debug|Any CPU
		{F56EF4A4-FCAD-4B59-AF13-1A564839EDD3}.Debug|Any CPU.Build.0 = Debug|Any CPU
		{F56EF4A4-FCAD-4B59-AF13-1A564839EDD3}.Debug|Any CPU.Deploy.0 = Debug|Any CPU
		{F56EF4A4-FCAD-4B59-AF13-1A564839EDD3}.Debug|arm64.ActiveCfg = Debug|Any CPU
		{F56EF4A4-FCAD-4B59-AF13-1A564839EDD3}.Debug|arm64.Build.0 = Debug|Any CPU
		{F56EF4A4-FCAD-4B59-AF13-1A564839EDD3}.Debug|arm64.Deploy.0 = Debug|Any CPU
		{F56EF4A4-FCAD-4B59-AF13-1A564839EDD3}.Debug|x64.ActiveCfg = Debug|Any CPU
		{F56EF4A4-FCAD-4B59-AF13-1A564839EDD3}.Debug|x64.Build.0 = Debug|Any CPU
		{F56EF4A4-FCAD-4B59-AF13-1A564839EDD3}.Debug|x64.Deploy.0 = Debug|Any CPU
		{F56EF4A4-FCAD-4B59-AF13-1A564839EDD3}.Debug|x86.ActiveCfg = Debug|Any CPU
		{F56EF4A4-FCAD-4B59-AF13-1A564839EDD3}.Debug|x86.Build.0 = Debug|Any CPU
		{F56EF4A4-FCAD-4B59-AF13-1A564839EDD3}.Debug|x86.Deploy.0 = Debug|Any CPU
		{F56EF4A4-FCAD-4B59-AF13-1A564839EDD3}.Release|Any CPU.ActiveCfg = Release|Any CPU
		{F56EF4A4-FCAD-4B59-AF13-1A564839EDD3}.Release|Any CPU.Build.0 = Release|Any CPU
		{F56EF4A4-FCAD-4B59-AF13-1A564839EDD3}.Release|Any CPU.Deploy.0 = Release|Any CPU
		{F56EF4A4-FCAD-4B59-AF13-1A564839EDD3}.Release|arm64.ActiveCfg = Release|Any CPU
		{F56EF4A4-FCAD-4B59-AF13-1A564839EDD3}.Release|arm64.Build.0 = Release|Any CPU
		{F56EF4A4-FCAD-4B59-AF13-1A564839EDD3}.Release|arm64.Deploy.0 = Release|Any CPU
		{F56EF4A4-FCAD-4B59-AF13-1A564839EDD3}.Release|x64.ActiveCfg = Release|Any CPU
		{F56EF4A4-FCAD-4B59-AF13-1A564839EDD3}.Release|x64.Build.0 = Release|Any CPU
		{F56EF4A4-FCAD-4B59-AF13-1A564839EDD3}.Release|x64.Deploy.0 = Release|Any CPU
		{F56EF4A4-FCAD-4B59-AF13-1A564839EDD3}.Release|x86.ActiveCfg = Release|Any CPU
		{F56EF4A4-FCAD-4B59-AF13-1A564839EDD3}.Release|x86.Build.0 = Release|Any CPU
		{F56EF4A4-FCAD-4B59-AF13-1A564839EDD3}.Release|x86.Deploy.0 = Release|Any CPU
		{ADA53817-BD56-46E0-B81E-570D929FC848}.Debug|Any CPU.ActiveCfg = Debug|Any CPU
		{ADA53817-BD56-46E0-B81E-570D929FC848}.Debug|Any CPU.Build.0 = Debug|Any CPU
		{ADA53817-BD56-46E0-B81E-570D929FC848}.Debug|arm64.ActiveCfg = Debug|Any CPU
		{ADA53817-BD56-46E0-B81E-570D929FC848}.Debug|arm64.Build.0 = Debug|Any CPU
		{ADA53817-BD56-46E0-B81E-570D929FC848}.Debug|x64.ActiveCfg = Debug|Any CPU
		{ADA53817-BD56-46E0-B81E-570D929FC848}.Debug|x64.Build.0 = Debug|Any CPU
		{ADA53817-BD56-46E0-B81E-570D929FC848}.Debug|x86.ActiveCfg = Debug|Any CPU
		{ADA53817-BD56-46E0-B81E-570D929FC848}.Debug|x86.Build.0 = Debug|Any CPU
		{ADA53817-BD56-46E0-B81E-570D929FC848}.Release|Any CPU.ActiveCfg = Release|Any CPU
		{ADA53817-BD56-46E0-B81E-570D929FC848}.Release|Any CPU.Build.0 = Release|Any CPU
		{ADA53817-BD56-46E0-B81E-570D929FC848}.Release|arm64.ActiveCfg = Release|Any CPU
		{ADA53817-BD56-46E0-B81E-570D929FC848}.Release|arm64.Build.0 = Release|Any CPU
		{ADA53817-BD56-46E0-B81E-570D929FC848}.Release|x64.ActiveCfg = Release|Any CPU
		{ADA53817-BD56-46E0-B81E-570D929FC848}.Release|x64.Build.0 = Release|Any CPU
		{ADA53817-BD56-46E0-B81E-570D929FC848}.Release|x86.ActiveCfg = Release|Any CPU
		{ADA53817-BD56-46E0-B81E-570D929FC848}.Release|x86.Build.0 = Release|Any CPU
	EndGlobalSection
	GlobalSection(SolutionProperties) = preSolution
		HideSolutionNode = FALSE
	EndGlobalSection
	GlobalSection(ExtensibilityGlobals) = postSolution
		SolutionGuid = {2C41DC76-DBF9-499A-B0ED-469E0EC92434}
	EndGlobalSection
EndGlobal
